
Microsoft Visual Studio Solution File, Format Version 12.00
# Visual Studio Version 16
VisualStudioVersion = 16.0.31025.194
MinimumVisualStudioVersion = 10.0.40219.1
Project("{FAE04EC0-301F-11D3-BF4B-00C04F79EFBC}") = "REST-Server", "REST-Server.csproj", "{DEDD0AFB-E91A-4A91-B45A-A787F06A4691}"
EndProject
Global
	GlobalSection(SolutionConfigurationPlatforms) = preSolution
		Debug|Any CPU = Debug|Any CPU
		Release|Any CPU = Release|Any CPU
	EndGlobalSection
	GlobalSection(ProjectConfigurationPlatforms) = postSolution
		{DEDD0AFB-E91A-4A91-B45A-A787F06A4691}.Debug|Any CPU.ActiveCfg = Debug|Any CPU
		{DEDD0AFB-E91A-4A91-B45A-A787F06A4691}.Debug|Any CPU.Build.0 = Debug|Any CPU
		{DEDD0AFB-E91A-4A91-B45A-A787F06A4691}.Release|Any CPU.ActiveCfg = Release|Any CPU
		{DEDD0AFB-E91A-4A91-B45A-A787F06A4691}.Release|Any CPU.Build.0 = Release|Any CPU
	EndGlobalSection
	GlobalSection(SolutionProperties) = preSolution
		HideSolutionNode = FALSE
	EndGlobalSection
	GlobalSection(ExtensibilityGlobals) = postSolution
		SolutionGuid = {5881E4F6-9AFA-4130-937E-95C58F6667BB}
	EndGlobalSection
EndGlobal
